
Microsoft Visual Studio Solution File, Format Version 12.00
# Visual Studio Version 16
VisualStudioVersion = 16.0.31005.135
MinimumVisualStudioVersion = 10.0.40219.1
Project("{8BC9CEB8-8B4A-11D0-8D11-00A0C91BC942}") = "S002", "S002\S002.vcxproj", "{E4D76B87-3663-4964-88B2-01CED324B789}"
EndProject
Global
	GlobalSection(SolutionConfigurationPlatforms) = preSolution
		Debug|x64 = Debug|x64
		Debug|x86 = Debug|x86
		Release|x64 = Release|x64
		Release|x86 = Release|x86
	EndGlobalSection
	GlobalSection(ProjectConfigurationPlatforms) = postSolution
		{E4D76B87-3663-4964-88B2-01CED324B789}.Debug|x64.ActiveCfg = Debug|x64
		{E4D76B87-3663-4964-88B2-01CED324B789}.Debug|x64.Build.0 = Debug|x64
		{E4D76B87-3663-4964-88B2-01CED324B789}.Debug|x86.ActiveCfg = Debug|Win32
		{E4D76B87-3663-4964-88B2-01CED324B789}.Debug|x86.Build.0 = Debug|Win32
		{E4D76B87-3663-4964-88B2-01CED324B789}.Release|x64.ActiveCfg = Release|x64
		{E4D76B87-3663-4964-88B2-01CED324B789}.Release|x64.Build.0 = Release|x64
		{E4D76B87-3663-4964-88B2-01CED324B789}.Release|x86.ActiveCfg = Release|Win32
		{E4D76B87-3663-4964-88B2-01CED324B789}.Release|x86.Build.0 = Release|Win32
	EndGlobalSection
	GlobalSection(SolutionProperties) = preSolution
		HideSolutionNode = FALSE
	EndGlobalSection
	GlobalSection(ExtensibilityGlobals) = postSolution
		SolutionGuid = {D3B1F3E4-D0D4-40EE-AA4C-B14DB0DD654B}
	EndGlobalSection
EndGlobal
